// !$*UTF8*$!
{
	archiveVersion = 1;
	classes = {
	};
	objectVersion = 46;
	objects = {

/* Begin PBXBuildFile section */
		AB1425421D2F547B00E1431E /* Demo1.png in Resources */ = {isa = PBXBuildFile; fileRef = AB1425411D2F547B00E1431E /* Demo1.png */; };
		AB1425441D2F548700E1431E /* Demo2.png in Resources */ = {isa = PBXBuildFile; fileRef = AB1425431D2F548700E1431E /* Demo2.png */; };
		ABCBD19E1D2E321300131C70 /* AppDelegate.swift in Sources */ = {isa = PBXBuildFile; fileRef = ABCBD19D1D2E321300131C70 /* AppDelegate.swift */; };
		ABCBD1A01D2E321300131C70 /* ViewController.swift in Sources */ = {isa = PBXBuildFile; fileRef = ABCBD19F1D2E321300131C70 /* ViewController.swift */; };
		ABCBD1A31D2E321300131C70 /* Main.storyboard in Resources */ = {isa = PBXBuildFile; fileRef = ABCBD1A11D2E321300131C70 /* Main.storyboard */; };
		ABCBD1A51D2E321300131C70 /* Assets.xcassets in Resources */ = {isa = PBXBuildFile; fileRef = ABCBD1A41D2E321300131C70 /* Assets.xcassets */; };
		ABCBD1A81D2E321300131C70 /* LaunchScreen.storyboard in Resources */ = {isa = PBXBuildFile; fileRef = ABCBD1A61D2E321300131C70 /* LaunchScreen.storyboard */; };
		ABCBD1B41D2E592300131C70 /* VersionUpdate.swift in Sources */ = {isa = PBXBuildFile; fileRef = ABCBD1B31D2E592300131C70 /* VersionUpdate.swift */; };
/* End PBXBuildFile section */

/* Begin PBXFileReference section */
		AB1425411D2F547B00E1431E /* Demo1.png */ = {isa = PBXFileReference; lastKnownFileType = image.png; path = Demo1.png; sourceTree = "<group>"; };
		AB1425431D2F548700E1431E /* Demo2.png */ = {isa = PBXFileReference; lastKnownFileType = image.png; path = Demo2.png; sourceTree = "<group>"; };
		ABCBD19A1D2E321200131C70 /* VersionUpdateDemo.app */ = {isa = PBXFileReference; explicitFileType = wrapper.application; includeInIndex = 0; path = VersionUpdateDemo.app; sourceTree = BUILT_PRODUCTS_DIR; };
		ABCBD19D1D2E321300131C70 /* AppDelegate.swift */ = {isa = PBXFileReference; lastKnownFileType = sourcecode.swift; path = AppDelegate.swift; sourceTree = "<group>"; };
		ABCBD19F1D2E321300131C70 /* ViewController.swift */ = {isa = PBXFileReference; lastKnownFileType = sourcecode.swift; path = ViewController.swift; sourceTree = "<group>"; };
		ABCBD1A21D2E321300131C70 /* Base */ = {isa = PBXFileReference; lastKnownFileType = file.storyboard; name = Base; path = Base.lproj/Main.storyboard; sourceTree = "<group>"; };
		ABCBD1A41D2E321300131C70 /* Assets.xcassets */ = {isa = PBXFileReference; lastKnownFileType = folder.assetcatalog; path = Assets.xcassets; sourceTree = "<group>"; };
		ABCBD1A71D2E321300131C70 /* Base */ = {isa = PBXFileReference; lastKnownFileType = file.storyboard; name = Base; path = Base.lproj/LaunchScreen.storyboard; sourceTree = "<group>"; };
		ABCBD1A91D2E321300131C70 /* Info.plist */ = {isa = PBXFileReference; lastKnownFileType = text.plist.xml; path = Info.plist; sourceTree = "<group>"; };
		ABCBD1B31D2E592300131C70 /* VersionUpdate.swift */ = {isa = PBXFileReference; fileEncoding = 4; lastKnownFileType = sourcecode.swift; path = VersionUpdate.swift; sourceTree = "<group>"; };
/* End PBXFileReference section */

/* Begin PBXFrameworksBuildPhase section */
		ABCBD1971D2E321200131C70 /* Frameworks */ = {
			isa = PBXFrameworksBuildPhase;
			buildActionMask = 2147483647;
			files = (
			);
			runOnlyForDeploymentPostprocessing = 0;
		};
/* End PBXFrameworksBuildPhase section */

/* Begin PBXGroup section */
		ABCBD1911D2E321200131C70 = {
			isa = PBXGroup;
			children = (
				ABCBD1B21D2E592300131C70 /* VersionUpdate */,
				ABCBD19C1D2E321200131C70 /* VersionUpdateDemo */,
				ABCBD19B1D2E321200131C70 /* Products */,
			);
			sourceTree = "<group>";
		};
		ABCBD19B1D2E321200131C70 /* Products */ = {
			isa = PBXGroup;
			children = (
				ABCBD19A1D2E321200131C70 /* VersionUpdateDemo.app */,
			);
			name = Products;
			sourceTree = "<group>";
		};
		ABCBD19C1D2E321200131C70 /* VersionUpdateDemo */ = {
			isa = PBXGroup;
			children = (
				ABCBD19D1D2E321300131C70 /* AppDelegate.swift */,
				ABCBD19F1D2E321300131C70 /* ViewController.swift */,
				ABCBD1A11D2E321300131C70 /* Main.storyboard */,
				ABCBD1A41D2E321300131C70 /* Assets.xcassets */,
				ABCBD1A61D2E321300131C70 /* LaunchScreen.storyboard */,
				ABCBD1A91D2E321300131C70 /* Info.plist */,
				AB1425411D2F547B00E1431E /* Demo1.png */,
				AB1425431D2F548700E1431E /* Demo2.png */,
			);
			path = VersionUpdateDemo;
			sourceTree = "<group>";
		};
		ABCBD1B21D2E592300131C70 /* VersionUpdate */ = {
			isa = PBXGroup;
			children = (
				ABCBD1B31D2E592300131C70 /* VersionUpdate.swift */,
			);
			path = VersionUpdate;
			sourceTree = "<group>";
		};
/* End PBXGroup section */

/* Begin PBXNativeTarget section */
		ABCBD1991D2E321200131C70 /* VersionUpdateDemo */ = {
			isa = PBXNativeTarget;
			buildConfigurationList = ABCBD1AC1D2E321300131C70 /* Build configuration list for PBXNativeTarget "VersionUpdateDemo" */;
			buildPhases = (
				ABCBD1961D2E321200131C70 /* Sources */,
				ABCBD1971D2E321200131C70 /* Frameworks */,
				ABCBD1981D2E321200131C70 /* Resources */,
			);
			buildRules = (
			);
			dependencies = (
			);
			name = VersionUpdateDemo;
			productName = VersionUpdateDemo;
			productReference = ABCBD19A1D2E321200131C70 /* VersionUpdateDemo.app */;
			productType = "com.apple.product-type.application";
		};
/* End PBXNativeTarget section */

/* Begin PBXProject section */
		ABCBD1921D2E321200131C70 /* Project object */ = {
			isa = PBXProject;
			attributes = {
				LastSwiftUpdateCheck = 0730;
				LastUpgradeCheck = 0730;
				ORGANIZATIONNAME = Tenric;
				TargetAttributes = {
					ABCBD1991D2E321200131C70 = {
						CreatedOnToolsVersion = 7.3.1;
					};
				};
			};
			buildConfigurationList = ABCBD1951D2E321200131C70 /* Build configuration list for PBXProject "VersionUpdateDemo" */;
			compatibilityVersion = "Xcode 3.2";
			developmentRegion = English;
			hasScannedForEncodings = 0;
			knownRegions = (
				en,
				Base,
			);
			mainGroup = ABCBD1911D2E321200131C70;
			productRefGroup = ABCBD19B1D2E321200131C70 /* Products */;
			projectDirPath = "";
			projectRoot = "";
			targets = (
				ABCBD1991D2E321200131C70 /* VersionUpdateDemo */,
			);
		};
/* End PBXProject section */

/* Begin PBXResourcesBuildPhase section */
		ABCBD1981D2E321200131C70 /* Resources */ = {
			isa = PBXResourcesBuildPhase;
			buildActionMask = 2147483647;
			files = (
				ABCBD1A81D2E321300131C70 /* LaunchScreen.storyboard in Resources */,
				ABCBD1A51D2E321300131C70 /* Assets.xcassets in Resources */,
				AB1425421D2F547B00E1431E /* Demo1.png in Resources */,
				ABCBD1A31D2E321300131C70 /* Main.storyboard in Resources */,
				AB1425441D2F548700E1431E /* Demo2.png in Resources */,
			);
			runOnlyForDeploymentPostprocessing = 0;
		};
/* End PBXResourcesBuildPhase section */

/* Begin PBXSourcesBuildPhase section */
		ABCBD1961D2E321200131C70 /* Sources */ = {
			isa = PBXSourcesBuildPhase;
			buildActionMask = 2147483647;
			files = (
				ABCBD1A01D2E321300131C70 /* ViewController.swift in Sources */,
				ABCBD19E1D2E321300131C70 /* AppDelegate.swift in Sources */,
				ABCBD1B41D2E592300131C70 /* VersionUpdate.swift in Sources */,
			);
			runOnlyForDeploymentPostprocessing = 0;
		};
/* End PBXSourcesBuildPhase section */

/* Begin PBXVariantGroup section */
		ABCBD1A11D2E321300131C70 /* Main.storyboard */ = {
			isa = PBXVariantGroup;
			children = (
				ABCBD1A21D2E321300131C70 /* Base */,
			);
			name = Main.storyboard;
			sourceTree = "<group>";
		};
		ABCBD1A61D2E321300131C70 /* LaunchScreen.storyboard */ = {
			isa = PBXVariantGroup;
			children = (
				ABCBD1A71D2E321300131C70 /* Base */,
			);
			name = LaunchScreen.storyboard;
			sourceTree = "<group>";
		};
/* End PBXVariantGroup section */

/* Begin XCBuildConfiguration section */
		ABCBD1AA1D2E321300131C70 /* Debug */ = {
			isa = XCBuildConfiguration;
			buildSettings = {
				ALWAYS_SEARCH_USER_PATHS = NO;
				CLANG_ANALYZER_NONNULL = YES;
				CLANG_CXX_LANGUAGE_STANDARD = "gnu++0x";
				CLANG_CXX_LIBRARY = "libc++";
				CLANG_ENABLE_MODULES = YES;
				CLANG_ENABLE_OBJC_ARC = YES;
				CLANG_WARN_BOOL_CONVERSION = YES;
				CLANG_WARN_CONSTANT_CONVERSION = YES;
				CLANG_WARN_DIRECT_OBJC_ISA_USAGE = YES_ERROR;
				CLANG_WARN_EMPTY_BODY = YES;
				CLANG_WARN_ENUM_CONVERSION = YES;
				CLANG_WARN_INT_CONVERSION = YES;
				CLANG_WARN_OBJC_ROOT_CLASS = YES_ERROR;
				CLANG_WARN_UNREACHABLE_CODE = YES;
				CLANG_WARN__DUPLICATE_METHOD_MATCH = YES;
				"CODE_SIGN_IDENTITY[sdk=iphoneos*]" = "iPhone Developer";
				COPY_PHASE_STRIP = NO;
				DEBUG_INFORMATION_FORMAT = dwarf;
				ENABLE_STRICT_OBJC_MSGSEND = YES;
				ENABLE_TESTABILITY = YES;
				GCC_C_LANGUAGE_STANDARD = gnu99;
				GCC_DYNAMIC_NO_PIC = NO;
				GCC_NO_COMMON_BLOCKS = YES;
				GCC_OPTIMIZATION_LEVEL = 0;
				GCC_PREPROCESSOR_DEFINITIONS = (
					"DEBUG=1",
					"$(inherited)",
				);
				GCC_WARN_64_TO_32_BIT_CONVERSION = YES;
				GCC_WARN_ABOUT_RETURN_TYPE = YES_ERROR;
				GCC_WARN_UNDECLARED_SELECTOR = YES;
				GCC_WARN_UNINITIALIZED_AUTOS = YES_AGGRESSIVE;
				GCC_WARN_UNUSED_FUNCTION = YES;
				GCC_WARN_UNUSED_VARIABLE = YES;
				IPHONEOS_DEPLOYMENT_TARGET = 9.3;
				MTL_ENABLE_DEBUG_INFO = YES;
				ONLY_ACTIVE_ARCH = YES;
				SDKROOT = iphoneos;
				SWIFT_OPTIMIZATION_LEVEL = "-Onone";
				TARGETED_DEVICE_FAMILY = "1,2";
			};
			name = Debug;
		};
		ABCBD1AB1D2E321300131C70 /* Release */ = {
			isa = XCBuildConfiguration;
			buildSettings = {
				ALWAYS_SEARCH_USER_PATHS = NO;
				CLANG_ANALYZER_NONNULL = YES;
				CLANG_CXX_LANGUAGE_STANDARD = "gnu++0x";
				CLANG_CXX_LIBRARY = "libc++";
				CLANG_ENABLE_MODULES = YES;
				CLANG_ENABLE_OBJC_ARC = YES;
				CLANG_WARN_BOOL_CONVERSION = YES;
				CLANG_WARN_CONSTANT_CONVERSION = YES;
				CLANG_WARN_DIRECT_OBJC_ISA_USAGE = YES_ERROR;
				CLANG_WARN_EMPTY_BODY = YES;
				CLANG_WARN_ENUM_CONVERSION = YES;
				CLANG_WARN_INT_CONVERSION = YES;
				CLANG_WARN_OBJC_ROOT_CLASS = YES_ERROR;
				CLANG_WARN_UNREACHABLE_CODE = YES;
				CLANG_WARN__DUPLICATE_METHOD_MATCH = YES;
				"CODE_SIGN_IDENTITY[sdk=iphoneos*]" = "iPhone Developer";
				COPY_PHASE_STRIP = NO;
				DEBUG_INFORMATION_FORMAT = "dwarf-with-dsym";
				ENABLE_NS_ASSERTIONS = NO;
				ENABLE_STRICT_OBJC_MSGSEND = YES;
				GCC_C_LANGUAGE_STANDARD = gnu99;
				GCC_NO_COMMON_BLOCKS = YES;
				GCC_WARN_64_TO_32_BIT_CONVERSION = YES;
				GCC_WARN_ABOUT_RETURN_TYPE = YES_ERROR;
				GCC_WARN_UNDECLARED_SELECTOR = YES;
				GCC_WARN_UNINITIALIZED_AUTOS = YES_AGGRESSIVE;
				GCC_WARN_UNUSED_FUNCTION = YES;
				GCC_WARN_UNUSED_VARIABLE = YES;
				IPHONEOS_DEPLOYMENT_TARGET = 9.3;
				MTL_ENABLE_DEBUG_INFO = NO;
				SDKROOT = iphoneos;
				TARGETED_DEVICE_FAMILY = "1,2";
				VALIDATE_PRODUCT = YES;
			};
			name = Release;
		};
		ABCBD1AD1D2E321300131C70 /* Debug */ = {
			isa = XCBuildConfiguration;
			buildSettings = {
				ASSETCATALOG_COMPILER_APPICON_NAME = AppIcon;
				INFOPLIST_FILE = VersionUpdateDemo/Info.plist;
				LD_RUNPATH_SEARCH_PATHS = "$(inherited) @executable_path/Frameworks";
				PRODUCT_BUNDLE_IDENTIFIER = com.tenric.VersionUpdateDemo;
				PRODUCT_NAME = "$(TARGET_NAME)";
			};
			name = Debug;
		};
		ABCBD1AE1D2E321300131C70 /* Release */ = {
			isa = XCBuildConfiguration;
			buildSettings = {
				ASSETCATALOG_COMPILER_APPICON_NAME = AppIcon;
				INFOPLIST_FILE = VersionUpdateDemo/Info.plist;
				LD_RUNPATH_SEARCH_PATHS = "$(inherited) @executable_path/Frameworks";
				PRODUCT_BUNDLE_IDENTIFIER = com.tenric.VersionUpdateDemo;
				PRODUCT_NAME = "$(TARGET_NAME)";
			};
			name = Release;
		};
/* End XCBuildConfiguration section */

/* Begin XCConfigurationList section */
		ABCBD1951D2E321200131C70 /* Build configuration list for PBXProject "VersionUpdateDemo" */ = {
			isa = XCConfigurationList;
			buildConfigurations = (
				ABCBD1AA1D2E321300131C70 /* Debug */,
				ABCBD1AB1D2E321300131C70 /* Release */,
			);
			defaultConfigurationIsVisible = 0;
			defaultConfigurationName = Release;
		};
		ABCBD1AC1D2E321300131C70 /* Build configuration list for PBXNativeTarget "VersionUpdateDemo" */ = {
			isa = XCConfigurationList;
			buildConfigurations = (
				ABCBD1AD1D2E321300131C70 /* Debug */,
				ABCBD1AE1D2E321300131C70 /* Release */,
			);
			defaultConfigurationIsVisible = 0;
			defaultConfigurationName = Release;
		};
/* End XCConfigurationList section */
	};
	rootObject = ABCBD1921D2E321200131C70 /* Project object */;
}
